
Microsoft Visual Studio Solution File, Format Version 12.00
# Visual Studio Version 16
VisualStudioVersion = 16.0.29709.97
MinimumVisualStudioVersion = 10.0.40219.1
Project("{FAE04EC0-301F-11D3-BF4B-00C04F79EFBC}") = "WebApi", "WebApi\WebApi.csproj", "{EA4663B2-7B92-41C4-9201-10A19462922A}"
EndProject
Global
	GlobalSection(SolutionConfigurationPlatforms) = preSolution
		Debug|Any CPU = Debug|Any CPU
		Release|Any CPU = Release|Any CPU
	EndGlobalSection
	GlobalSection(ProjectConfigurationPlatforms) = postSolution
		{EA4663B2-7B92-41C4-9201-10A19462922A}.Debug|Any CPU.ActiveCfg = Debug|Any CPU
		{EA4663B2-7B92-41C4-9201-10A19462922A}.Debug|Any CPU.Build.0 = Debug|Any CPU
		{EA4663B2-7B92-41C4-9201-10A19462922A}.Release|Any CPU.ActiveCfg = Release|Any CPU
		{EA4663B2-7B92-41C4-9201-10A19462922A}.Release|Any CPU.Build.0 = Release|Any CPU
	EndGlobalSection
	GlobalSection(SolutionProperties) = preSolution
		HideSolutionNode = FALSE
	EndGlobalSection
	GlobalSection(ExtensibilityGlobals) = postSolution
		SolutionGuid = {EFF9BDC6-F972-41FB-9365-CFDBBD624772}
	EndGlobalSection
EndGlobal
